github.com/cenkalti/backoff/v4 v4.1.1 h1:G2HAfAmvm/GcKan2oOQpBXOd2tT2G57ZnZGWa1PxPBQ=
github.com/cenkalti/backoff/v4 v4.1.1/go.mod h1:scbssz8iZGpm3xbr14ovlUdkxfGXNInqkPWOWmG2CLw=
github.com/davecgh/go-spew v1.1.1 h1:vj9j/u1bqnvCEfJOwUhtlOARqs3+rkHYY13jYWTU97c=
github.com/moeryomenko/healing v1.5.0 h1:LHafbBu675eDyForQbe8+8Wgrd/teXhC0z+tsPMw+/g=
github.com/moeryomenko/healing v1.5.0/go.mod h1:93SHeqVZg9TRD7MqL1Io0qztMXkGBP2wpu4/d0lkNeE=
github.com/pmezard/go-difflib v1.0.0 h1:4DBwDE0NGyQoBHbLQYPwSUPoCMWR5BEzIk/f1lZbAQM=
github.com/stretchr/testify v1.7.1 h1:5TQK59W5E3v0r2duFAb7P95B6hEeOyEnHRa8MjYSMTY=
golang.org/x/sync v0.0.0-20220601150217-0de741cfad7f h1:Ax0t5p6N38Ga0dThY21weqDEyz2oklo4IvDkpigvkD8=
golang.org/x/sync v0.0.0-20220601150217-0de741cfad7f/go.mod h1:RxMgew5VJxzue5/jJTE5uejpjVlOe/izrB70Jof72aM=
gopkg.in/yaml.v3 v3.0.0-20210107192922-496545a6307b h1:h8qDotaEPuJATrMmW04NCwg7v22aHH28wwpauUhK9Oo=
